
Microsoft Visual Studio Solution File, Format Version 12.00
# Visual Studio 2013
VisualStudioVersion = 12.0.31101.0
MinimumVisualStudioVersion = 10.0.40219.1
Project("{002A2DE9-8BB6-484D-9802-7E4AD4084715}") = "dlangui", "..\dlangui\dlangui-msvc.visualdproj", "{52A2ABB9-2CF7-4D5F-AE8C-75B21F8585A5}"
EndProject
Project("{002A2DE9-8BB6-484D-9802-7E4AD4084715}") = "controls", "controls\controls.visualdproj", "{905EB87D-BD8B-4E1F-9FB5-2AD9755C2FB1}"
	ProjectSection(ProjectDependencies) = postProject
		{52A2ABB9-2CF7-4D5F-AE8C-75B21F8585A5} = {52A2ABB9-2CF7-4D5F-AE8C-75B21F8585A5}
	EndProjectSection
EndProject
Global
	GlobalSection(SolutionConfigurationPlatforms) = preSolution
		Debug|Win32 = Debug|Win32
		Release|Win32 = Release|Win32
	EndGlobalSection
	GlobalSection(ProjectConfigurationPlatforms) = postSolution
		{52A2ABB9-2CF7-4D5F-AE8C-75B21F8585A5}.Debug|Win32.ActiveCfg = Debug|Win32
		{52A2ABB9-2CF7-4D5F-AE8C-75B21F8585A5}.Debug|Win32.Build.0 = Debug|Win32
		{52A2ABB9-2CF7-4D5F-AE8C-75B21F8585A5}.Release|Win32.ActiveCfg = Release|Win32
		{52A2ABB9-2CF7-4D5F-AE8C-75B21F8585A5}.Release|Win32.Build.0 = Release|Win32
		{905EB87D-BD8B-4E1F-9FB5-2AD9755C2FB1}.Debug|Win32.ActiveCfg = Debug|Win32
		{905EB87D-BD8B-4E1F-9FB5-2AD9755C2FB1}.Debug|Win32.Build.0 = Debug|Win32
		{905EB87D-BD8B-4E1F-9FB5-2AD9755C2FB1}.Release|Win32.ActiveCfg = Release|Win32
		{905EB87D-BD8B-4E1F-9FB5-2AD9755C2FB1}.Release|Win32.Build.0 = Release|Win32
	EndGlobalSection
	GlobalSection(SolutionProperties) = preSolution
		HideSolutionNode = FALSE
	EndGlobalSection
EndGlobal
