
Microsoft Visual Studio Solution File, Format Version 12.00
# Visual Studio 2013
VisualStudioVersion = 12.0.31101.0
MinimumVisualStudioVersion = 10.0.40219.1
Project("{002A2DE9-8BB6-484D-9802-7E4AD4084715}") = "dlangui", "..\dlangui\dlanguilib.visualdproj", "{5FF17402-9997-4D0E-8068-6D84B8769D98}"
EndProject
Project("{002A2DE9-8BB6-484D-9802-7E4AD4084715}") = "controls", "controls\controls.visualdproj", "{905EB87D-BD8B-4E1F-9FB5-2AD9755C2FB1}"
	ProjectSection(ProjectDependencies) = postProject
		{5FF17402-9997-4D0E-8068-6D84B8769D98} = {5FF17402-9997-4D0E-8068-6D84B8769D98}
	EndProjectSection
EndProject
Global
	GlobalSection(SolutionConfigurationPlatforms) = preSolution
		Debug|Win32 = Debug|Win32
		Release|Win32 = Release|Win32
	EndGlobalSection
	GlobalSection(ProjectConfigurationPlatforms) = postSolution
		{5FF17402-9997-4D0E-8068-6D84B8769D98}.Debug|Win32.ActiveCfg = Debug|Win32
		{5FF17402-9997-4D0E-8068-6D84B8769D98}.Debug|Win32.Build.0 = Debug|Win32
		{5FF17402-9997-4D0E-8068-6D84B8769D98}.Release|Win32.ActiveCfg = Release|Win32
		{5FF17402-9997-4D0E-8068-6D84B8769D98}.Release|Win32.Build.0 = Release|Win32
		{905EB87D-BD8B-4E1F-9FB5-2AD9755C2FB1}.Debug|Win32.ActiveCfg = Debug|Win32
		{905EB87D-BD8B-4E1F-9FB5-2AD9755C2FB1}.Debug|Win32.Build.0 = Debug|Win32
		{905EB87D-BD8B-4E1F-9FB5-2AD9755C2FB1}.Release|Win32.ActiveCfg = Release|Win32
		{905EB87D-BD8B-4E1F-9FB5-2AD9755C2FB1}.Release|Win32.Build.0 = Release|Win32
	EndGlobalSection
	GlobalSection(SolutionProperties) = preSolution
		HideSolutionNode = FALSE
	EndGlobalSection
EndGlobal
